
Microsoft Visual Studio Solution File, Format Version 12.00
# Visual Studio Version 17
VisualStudioVersion = 17.1.32319.34
MinimumVisualStudioVersion = 10.0.40219.1
Project("{FAE04EC0-301F-11D3-BF4B-00C04F79EFBC}") = "Library", "Library.csproj", "{CBF1D19C-2360-4E34-A17C-3584D0DD88F7}"
EndProject
Global
	GlobalSection(SolutionConfigurationPlatforms) = preSolution
		Debug|Any CPU = Debug|Any CPU
		Release|Any CPU = Release|Any CPU
	EndGlobalSection
	GlobalSection(ProjectConfigurationPlatforms) = postSolution
		{CBF1D19C-2360-4E34-A17C-3584D0DD88F7}.Debug|Any CPU.ActiveCfg = Debug|Any CPU
		{CBF1D19C-2360-4E34-A17C-3584D0DD88F7}.Debug|Any CPU.Build.0 = Debug|Any CPU
		{CBF1D19C-2360-4E34-A17C-3584D0DD88F7}.Release|Any CPU.ActiveCfg = Release|Any CPU
		{CBF1D19C-2360-4E34-A17C-3584D0DD88F7}.Release|Any CPU.Build.0 = Release|Any CPU
	EndGlobalSection
	GlobalSection(SolutionProperties) = preSolution
		HideSolutionNode = FALSE
	EndGlobalSection
	GlobalSection(ExtensibilityGlobals) = postSolution
		SolutionGuid = {322DC50D-7EA3-4636-863C-57DF70E89046}
	EndGlobalSection
EndGlobal
